<?xml version="1.0" encoding="UTF-8" standalone="yes" ?>
<CodeBlocks_project_file>
	<FileVersion major="1" minor="6" />
	<Project>
		<Option title="FMail" />
		<Option platforms="Windows;" />
		<Option compiler="gcc" />
		<Build>
			<Target title="Debug">
				<Option platforms="Windows;" />
				<Option output="bin/Debug/FMailW32" prefix_auto="1" extension_auto="1" />
				<Option object_output="obj/Debug/" />
				<Option type="1" />
				<Option compiler="gcc" />
				<Compiler>
					<Add option="-march=i686" />
					<Add option="-m32" />
					<Add option="-g" />
					<Add option="-D_DEBUG" />
				</Compiler>
				<Linker>
					<Add option="-m32" />
				</Linker>
			</Target>
			<Target title="Release">
				<Option platforms="Windows;" />
				<Option output="bin/Release/FMailW32" prefix_auto="1" extension_auto="1" />
				<Option object_output="obj/Release/" />
				<Option type="1" />
				<Option compiler="gcc" />
				<Compiler>
					<Add option="-O2" />
					<Add option="-m32" />
				</Compiler>
				<Linker>
					<Add option="-s" />
					<Add option="-m32" />
				</Linker>
			</Target>
		</Build>
		<Compiler>
			<Add option="-Wall" />
			<Add option="-m32" />
			<Add option="-DFMAIL" />
			<Add option="-D__32BIT__" />
			<Add option="-D__STDIO__" />
			<Add option="-D__WINDOWS32__" />
			<Add option="-D__PENTIUMPRO__" />
		</Compiler>
		<Linker>
			<Add option="-m32" />
			<Add library="c:/Program Files/CodeBlocks/MinGW/lib/libversion.a" />
      <Add library="c:/Program Files/CodeBlocks/MinGW/lib/libwsock32.a" />
		</Linker>
		<Unit filename="archive.c">
			<Option compilerVar="CC" />
		</Unit>
		<Unit filename="archive.h" />
		<Unit filename="areafix.c">
			<Option compilerVar="CC" />
		</Unit>
		<Unit filename="areafix.h" />
		<Unit filename="areainfo.c">
			<Option compilerVar="CC" />
		</Unit>
		<Unit filename="areainfo.h" />
		<Unit filename="bclfun.c">
			<Option compilerVar="CC" />
		</Unit>
		<Unit filename="bclfun.h" />
		<Unit filename="cfgfile.c">
			<Option compilerVar="CC" />
		</Unit>
		<Unit filename="cfgfile.h" />
		<Unit filename="config.c">
			<Option compilerVar="CC" />
		</Unit>
		<Unit filename="config.h" />
		<Unit filename="crc.c">
			<Option compilerVar="CC" />
		</Unit>
		<Unit filename="dups.h" />
		<Unit filename="dups32.c">
			<Option compilerVar="CC" />
		</Unit>
		<Unit filename="filesys.c">
			<Option compilerVar="CC" />
		</Unit>
		<Unit filename="fmail.c">
			<Option compilerVar="CC" />
		</Unit>
		<Unit filename="fmail.h" />
		<Unit filename="fmstruct.h" />
		<Unit filename="ftscprod.c">
			<Option compilerVar="CC" />
		</Unit>
		<Unit filename="ftscprod.h" />
		<Unit filename="ispathch.c">
			<Option compilerVar="CC" />
		</Unit>
		<Unit filename="jamfun.c">
			<Option compilerVar="CC" />
		</Unit>
		<Unit filename="jamfun.h" />
		<Unit filename="jammaint.c">
			<Option compilerVar="CC" />
		</Unit>
		<Unit filename="jammaint.h" />
		<Unit filename="jamscan.c">
			<Option compilerVar="CC" />
		</Unit>
		<Unit filename="lock.c">
			<Option compilerVar="CC" />
		</Unit>
		<Unit filename="lock.h" />
		<Unit filename="log.c">
			<Option compilerVar="CC" />
		</Unit>
		<Unit filename="log.h" />
		<Unit filename="msgmsg.c">
			<Option compilerVar="CC" />
		</Unit>
		<Unit filename="msgmsg.h" />
		<Unit filename="msgpkt.c">
			<Option compilerVar="CC" />
		</Unit>
		<Unit filename="msgpkt.h" />
		<Unit filename="msgra.c">
			<Option compilerVar="CC" />
		</Unit>
		<Unit filename="msgra.h" />
		<Unit filename="mtask.c">
			<Option compilerVar="CC" />
		</Unit>
		<Unit filename="nodeinfo.c">
			<Option compilerVar="CC" />
		</Unit>
		<Unit filename="nodeinfo.h" />
		<Unit filename="pack.c">
			<Option compilerVar="CC" />
		</Unit>
		<Unit filename="pack.h" />
		<Unit filename="ping.c">
			<Option compilerVar="CC" />
		</Unit>
		<Unit filename="ping.h" />
		<Unit filename="pp_date.h" />
		<Unit filename="sendsmtp.c">
			<Option compilerVar="CC" />
		</Unit>
		<Unit filename="sendsmtp.h" />
		<Unit filename="smtp.c">
			<Option compilerVar="CC" />
		</Unit>
		<Unit filename="smtp.h" />
		<Unit filename="sorthb.c">
			<Option compilerVar="CC" />
		</Unit>
		<Unit filename="sorthb.h" />
		<Unit filename="spec.c">
			<Option compilerVar="CC" />
		</Unit>
		<Unit filename="spec.h" />
		<Unit filename="stpcpy.h" />
		<Unit filename="utils.c">
			<Option compilerVar="CC" />
		</Unit>
		<Unit filename="utils.h" />
		<Unit filename="utils2.c">
			<Option compilerVar="CC" />
		</Unit>
		<Unit filename="version.c">
			<Option compilerVar="CC" />
		</Unit>
		<Unit filename="version.h" />
		<Extensions>
			<code_completion />
			<envvars />
			<debugger />
			<lib_finder disable_auto="1" />
		</Extensions>
	</Project>
</CodeBlocks_project_file>
